
Microsoft Visual Studio Solution File, Format Version 12.00
# Visual Studio 15
VisualStudioVersion = 15.0.28307.329
MinimumVisualStudioVersion = 10.0.40219.1
Project("{FAE04EC0-301F-11D3-BF4B-00C04F79EFBC}") = "ConsoleApp3", "ConsoleApp3\ConsoleApp3.csproj", "{CABD03F6-BEE5-4EA2-9296-E9329042A90B}"
EndProject
Global
	GlobalSection(SolutionConfigurationPlatforms) = preSolution
		Debug|Any CPU = Debug|Any CPU
		Release|Any CPU = Release|Any CPU
	EndGlobalSection
	GlobalSection(ProjectConfigurationPlatforms) = postSolution
		{CABD03F6-BEE5-4EA2-9296-E9329042A90B}.Debug|Any CPU.ActiveCfg = Debug|Any CPU
		{CABD03F6-BEE5-4EA2-9296-E9329042A90B}.Debug|Any CPU.Build.0 = Debug|Any CPU
		{CABD03F6-BEE5-4EA2-9296-E9329042A90B}.Release|Any CPU.ActiveCfg = Release|Any CPU
		{CABD03F6-BEE5-4EA2-9296-E9329042A90B}.Release|Any CPU.Build.0 = Release|Any CPU
	EndGlobalSection
	GlobalSection(SolutionProperties) = preSolution
		HideSolutionNode = FALSE
	EndGlobalSection
	GlobalSection(ExtensibilityGlobals) = postSolution
		SolutionGuid = {E837D809-A093-4F4E-B7D4-7BE83C30BC06}
	EndGlobalSection
EndGlobal
